# This file is automatically @generated by Cargo.
# It is not intended for manual editing.
version = 3

[[package]]
name = "cc"
version = "1.0.79"
source = "registry+https://github.com/rust-lang/crates.io-index"
checksum = "50d30906286121d95be3d479533b458f87493b30a4b5f79a607db8f5d11aa91f"

[[package]]
name = "libc"
version = "0.2.142"
source = "registry+https://github.com/rust-lang/crates.io-index"
checksum = "6a987beff54b60ffa6d51982e1aa1146bc42f19bd26be28b0586f252fccf5317"

[[package]]
name = "libmimalloc-sys"
version = "0.1.32"
source = "registry+https://github.com/rust-lang/crates.io-index"
checksum = "43a558e3d911bc3c7bfc8c78bc580b404d6e51c1cefbf656e176a94b49b0df40"
dependencies = [
 "cc",
 "libc",
]

[[package]]
name = "mimalloc"
version = "0.1.36"
source = "registry+https://github.com/rust-lang/crates.io-index"
checksum = "3d88dad3f985ec267a3fcb7a1726f5cb1a7e8cad8b646e70a84f967210df23da"
dependencies = [
 "libmimalloc-sys",
]

[[package]]
name = "rust-rc"
version = "0.1.0"
dependencies = [
 "mimalloc",
]
